
Microsoft Visual Studio Solution File, Format Version 12.00
# Visual Studio 2013
VisualStudioVersion = 12.0.31101.0
MinimumVisualStudioVersion = 10.0.40219.1
Project("{FAE04EC0-301F-11D3-BF4B-00C04F79EFBC}") = "CookBookImporter", "CookBookImporter\CookBookImporter.csproj", "{B5A39560-372C-49D9-A352-82E603013C7E}"
EndProject
Project("{FAE04EC0-301F-11D3-BF4B-00C04F79EFBC}") = "WikipediaImporter", "WikipediaImporter\WikipediaImporter.csproj", "{897F8918-CC80-4F6A-8D93-265C16340CCC}"
EndProject
Project("{FAE04EC0-301F-11D3-BF4B-00C04F79EFBC}") = "WineToMatchImporter", "WineToMatchImporter\WineToMatchImporter.csproj", "{4AB7ACE4-EAE0-4B48-8BDD-3CD31473B228}"
EndProject
Project("{FAE04EC0-301F-11D3-BF4B-00C04F79EFBC}") = "Common", "Common\Common.csproj", "{726E64E8-B332-4FF8-BFF8-0B401C48DAA3}"
EndProject
Project("{FAE04EC0-301F-11D3-BF4B-00C04F79EFBC}") = "Reasoning", "Reasoning\Reasoning.csproj", "{7ABF8482-5782-422F-A4CE-0D71FBACF0F9}"
EndProject
Project("{FAE04EC0-301F-11D3-BF4B-00C04F79EFBC}") = "ImportAll", "ImportAll\ImportAll.csproj", "{90C1DE28-4D4F-4124-B763-0A0CFD2241C1}"
EndProject
Global
	GlobalSection(SolutionConfigurationPlatforms) = preSolution
		Debug|Any CPU = Debug|Any CPU
		Release|Any CPU = Release|Any CPU
	EndGlobalSection
	GlobalSection(ProjectConfigurationPlatforms) = postSolution
		{B5A39560-372C-49D9-A352-82E603013C7E}.Debug|Any CPU.ActiveCfg = Debug|Any CPU
		{B5A39560-372C-49D9-A352-82E603013C7E}.Debug|Any CPU.Build.0 = Debug|Any CPU
		{B5A39560-372C-49D9-A352-82E603013C7E}.Release|Any CPU.ActiveCfg = Release|Any CPU
		{B5A39560-372C-49D9-A352-82E603013C7E}.Release|Any CPU.Build.0 = Release|Any CPU
		{897F8918-CC80-4F6A-8D93-265C16340CCC}.Debug|Any CPU.ActiveCfg = Debug|Any CPU
		{897F8918-CC80-4F6A-8D93-265C16340CCC}.Debug|Any CPU.Build.0 = Debug|Any CPU
		{897F8918-CC80-4F6A-8D93-265C16340CCC}.Release|Any CPU.ActiveCfg = Release|Any CPU
		{897F8918-CC80-4F6A-8D93-265C16340CCC}.Release|Any CPU.Build.0 = Release|Any CPU
		{4AB7ACE4-EAE0-4B48-8BDD-3CD31473B228}.Debug|Any CPU.ActiveCfg = Debug|Any CPU
		{4AB7ACE4-EAE0-4B48-8BDD-3CD31473B228}.Debug|Any CPU.Build.0 = Debug|Any CPU
		{4AB7ACE4-EAE0-4B48-8BDD-3CD31473B228}.Release|Any CPU.ActiveCfg = Release|Any CPU
		{4AB7ACE4-EAE0-4B48-8BDD-3CD31473B228}.Release|Any CPU.Build.0 = Release|Any CPU
		{726E64E8-B332-4FF8-BFF8-0B401C48DAA3}.Debug|Any CPU.ActiveCfg = Debug|Any CPU
		{726E64E8-B332-4FF8-BFF8-0B401C48DAA3}.Debug|Any CPU.Build.0 = Debug|Any CPU
		{726E64E8-B332-4FF8-BFF8-0B401C48DAA3}.Release|Any CPU.ActiveCfg = Release|Any CPU
		{726E64E8-B332-4FF8-BFF8-0B401C48DAA3}.Release|Any CPU.Build.0 = Release|Any CPU
		{7ABF8482-5782-422F-A4CE-0D71FBACF0F9}.Debug|Any CPU.ActiveCfg = Debug|Any CPU
		{7ABF8482-5782-422F-A4CE-0D71FBACF0F9}.Debug|Any CPU.Build.0 = Debug|Any CPU
		{7ABF8482-5782-422F-A4CE-0D71FBACF0F9}.Release|Any CPU.ActiveCfg = Release|Any CPU
		{7ABF8482-5782-422F-A4CE-0D71FBACF0F9}.Release|Any CPU.Build.0 = Release|Any CPU
		{90C1DE28-4D4F-4124-B763-0A0CFD2241C1}.Debug|Any CPU.ActiveCfg = Debug|Any CPU
		{90C1DE28-4D4F-4124-B763-0A0CFD2241C1}.Debug|Any CPU.Build.0 = Debug|Any CPU
		{90C1DE28-4D4F-4124-B763-0A0CFD2241C1}.Release|Any CPU.ActiveCfg = Release|Any CPU
		{90C1DE28-4D4F-4124-B763-0A0CFD2241C1}.Release|Any CPU.Build.0 = Release|Any CPU
	EndGlobalSection
	GlobalSection(SolutionProperties) = preSolution
		HideSolutionNode = FALSE
	EndGlobalSection
EndGlobal
